version = 1
revision = 3
requires-python = ">=3.14"

[[package]]
name = "datetime"
version = "6.0"
source = { registry = "https://pypi.org/simple" }
dependencies = [
    { name = "pytz" },
    { name = "zope-interface" },
]
sdist = { url = "https://files.pythonhosted.org/packages/77/32/decbfd165e9985ba9d8c2d34a39afe5aeba2fc3fe390eb6e9ef1aab98fa8/datetime-6.0.tar.gz", hash = "sha256:c1514936d2f901e10c8e08d83bf04e6c9dbd7ca4f244da94fec980980a3bc4d5", size = 64167, upload-time = "2025-11-25T08:00:34.586Z" }
wheels = [
    { url = "https://files.pythonhosted.org/packages/cf/7a/ea0f3e3ea74be36fc7cf54f966cde732a3de72697983cdb5646b0a4dacde/datetime-6.0-py3-none-any.whl", hash = "sha256:d19988f0657a4e72c9438344157254a8dcad6aea8cd5ae70a5d1b5a75e5dc930", size = 52637, upload-time = "2025-11-25T08:00:33.077Z" },
]

[[package]]
name = "pytz"
version = "2026.3.post1"
source = { registry = "https://pypi.org/simple" }
sdist = { url = "https://files.pythonhosted.org/packages/fb/48/fb042503b6ca6cd271261dc559fd6432f7d8c713153e9ec5c591af4dfc1c/pytz-2026.3.post1.tar.gz", hash = "sha256:2211d3fcf9a797d3405cac96ac7f61d80e6a644f72a3309607282fe8a2010c5d", size = 319745, upload-time = "2026-07-25T15:12:07.385Z" }
wheels = [
    { url = "https://files.pythonhosted.org/packages/0f/7b/39c34ca613b0b198cb866466651b26b045e2009864c5183c979a3b83f383/pytz-2026.3.post1-py2.py3-none-any.whl", hash = "sha256:dd95840dd199baea12d9cc096a1d452caa6596a1c1e4b5f3dbd1541855d5e815", size = 508283, upload-time = "2026-07-25T15:12:05.782Z" },
]

[[package]]
name = "schedule"
version = "1.2.2"
source = { registry = "https://pypi.org/simple" }
sdist = { url = "https://files.pythonhosted.org/packages/0c/91/b525790063015759f34447d4cf9d2ccb52cdee0f1dd6ff8764e863bcb74c/schedule-1.2.2.tar.gz", hash = "sha256:15fe9c75fe5fd9b9627f3f19cc0ef1420508f9f9a46f45cd0769ef75ede5f0b7", size = 26452, upload-time = "2024-06-18T20:03:14.633Z" }
wheels = [
    { url = "https://files.pythonhosted.org/packages/20/a7/84c96b61fd13205f2cafbe263cdb2745965974bdf3e0078f121dfeca5f02/schedule-1.2.2-py3-none-any.whl", hash = "sha256:5bef4a2a0183abf44046ae0d164cadcac21b1db011bdd8102e4a0c1e91e06a7d", size = 12220, upload-time = "2024-05-25T18:41:59.121Z" },
]

[[package]]
name = "schedule-demo"
version = "0.1.0"
source = { virtual = "." }
dependencies = [
    { name = "datetime" },
    { name = "schedule" },
]

[package.metadata]
requires-dist = [
    { name = "datetime", specifier = ">=6.0" },
    { name = "schedule", specifier = ">=1.2.2" },
]

[[package]]
name = "zope-interface"
version = "8.6"
source = { registry = "https://pypi.org/simple" }
sdist = { url = "https://files.pythonhosted.org/packages/26/39/a8481b926e42c44a6fcc670904f8251469ec42edbff1ba066719ca1e7fb4/zope_interface-8.6.tar.gz", hash = "sha256:b40ef9b4873afb5d0dec02b8d2dfde1cf18c72337b60c99cb735961e0bac05c0", size = 257973, upload-time = "2026-08-20T11:18:08.717Z" }
wheels = [
    { url = "https://files.pythonhosted.org/packages/3d/28/8ec94b15ebde2da2ebe643aac3c4238a55c2e95b746049721b50908ecafe/zope_interface-8.6-cp314-cp314-macosx_10_9_x86_64.whl", hash = "sha256:449727fc79f0b1317ec190632e13699b732d3f4704ea90c8e1339bb78e451bee", size = 212628, upload-time = "2026-08-20T11:17:42.566Z" },
    { url = "https://files.pythonhosted.org/packages/85/47/f06d4dbbc1464d9d4520b9c047d4a0f0062264eeb2c0b7fd1bec79a9327d/zope_interface-8.6-cp314-cp314-macosx_11_0_arm64.whl", hash = "sha256:81793c9b12816ac7f8b71b366be36b7025fcf7205ec4a236642b15a82cb027ef", size = 212627, upload-time = "2026-08-20T11:17:44.571Z" },
    { url = "https://files.pythonhosted.org/packages/1c/56/01f84b4e966a32088e9076b1e7b2afa310f52bf9b9a077d2958cf66e81aa/zope_interface-8.6-cp314-cp314-manylinux1_i686.manylinux2014_i686.manylinux_2_17_i686.manylinux_2_5_i686.whl", hash = "sha256:a91eb220d9ae6aa6d746d6dac5b4db35b1417903301b3315ba3275b19570be0b", size = 266840, upload-time = "2026-08-20T11:17:46.366Z" },
    { url = "https://files.pythonhosted.org/packages/c6/40/2a644e32cd6f0516e7df1fc0c58e544a8cc11ba06b0d55d308519b02459d/zope_interface-8.6-cp314-cp314-manylinux1_x86_64.manylinux2014_x86_64.manylinux_2_17_x86_64.manylinux_2_5_x86_64.whl", hash = "sha256:3f7f6da49911ffe75ae3f7a9a45619f205420cc6578aff02f8ca29ed1de10f14", size = 270145, upload-time = "2026-08-20T11:17:48.195Z" },
    { url = "https://files.pythonhosted.org/packages/1e/18/02ebd81feff11a2766159fcb49c5b773fef5ae4414c38fb19114aad9e961/zope_interface-8.6-cp314-cp314-manylinux2014_aarch64.manylinux_2_17_aarch64.whl", hash = "sha256:ef15a2f6258f809334a19c1fcce64648813066ceebe3f3f6077871483fd0f50d", size = 270351, upload-time = "2026-08-20T11:17:50.07Z" },
    { url = "https://files.pythonhosted.org/packages/26/56/0725e960cf581399b7f4136d5951f7d87bc659492e49db1794334f6c5153/zope_interface-8.6-cp314-cp314-win_amd64.whl", hash = "sha256:5ef166337880b0e78138bbd32fcbc5ab1da3337febe8d2a247f3690bcae3ede5", size = 215098, upload-time = "2026-08-20T11:17:52.062Z" },
    { url = "https://files.pythonhosted.org/packages/f1/b3/7f864a6f9d9aebddceaac0a8c5cab0b450090f42fe316e48e6dd0c684478/zope_interface-8.6-cp314-cp314-win_arm64.whl", hash = "sha256:23ae710094fdcfcf715dae7054cd5abfefa4a527c5853d7b76ebb2541499c41a", size = 213759, upload-time = "2026-08-20T11:17:54.157Z" },
    { url = "https://files.pythonhosted.org/packages/19/b8/2f7a65ac046d3bb54e4a0664acfa152021804aa4101cbbec11526740c8af/zope_interface-8.6-cp314-cp314t-macosx_10_9_x86_64.whl", hash = "sha256:a84ac0010f054f3516710804a0c22026b4b0d30085d7666cfc2f30545775bf99", size = 213631, upload-time = "2026-08-20T11:17:56.063Z" },
    { url = "https://files.pythonhosted.org/packages/12/c1/889dc114e9a9e8d59fec53facb71dd26345f60c504ad20fd17121af0449c/zope_interface-8.6-cp314-cp314t-macosx_11_0_arm64.whl", hash = "sha256:e36adea8ab93eb4d2076a47d5f4c7d7e1267eb9a4e33202da7ea71439a3bcaef", size = 213713, upload-time = "2026-08-20T11:17:57.998Z" },
    { url = "https://files.pythonhosted.org/packages/a9/96/ac48a6b7cfe972e4a9b0d7ec8b9f36a7956cc95d72029f0013ff096c55af/zope_interface-8.6-cp314-cp314t-manylinux1_i686.manylinux2014_i686.manylinux_2_17_i686.manylinux_2_5_i686.whl", hash = "sha256:5dbe120cfcfc8e6aed418f340c3d1ad4072253e17176503e363ddac27fcb2ac6", size = 294916, upload-time = "2026-08-20T11:17:59.952Z" },
    { url = "https://files.pythonhosted.org/packages/a2/54/4df4bb0b1aace2298386375ab2fb752378683b558d2db713e25c40a3e96a/zope_interface-8.6-cp314-cp314t-manylinux1_x86_64.manylinux2014_x86_64.manylinux_2_17_x86_64.manylinux_2_5_x86_64.whl", hash = "sha256:27e6de8e593736210d2a9f1bbf766a5653aa4819c184f864ab9d1f8bd3590a60", size = 300898, upload-time = "2026-08-20T11:18:02.224Z" },
    { url = "https://files.pythonhosted.org/packages/08/9c/0c8c80c1eeb62ac0c3ed1f51ad8cdd6da9373c53247c659c49f0ea29f742/zope_interface-8.6-cp314-cp314t-manylinux2014_aarch64.manylinux_2_17_aarch64.whl", hash = "sha256:66ab8c5d8820aa378968c16b7a3cb051aca342eafa649c9a363182f572d75ccb", size = 304684, upload-time = "2026-08-20T11:18:04.105Z" },
    { url = "https://files.pythonhosted.org/packages/54/69/3afc11a58b9ea814fdfb9297a8c36d10871c1f0cc06d42c106282109b952/zope_interface-8.6-cp314-cp314t-win_amd64.whl", hash = "sha256:fcc86414ee0e6b77416de81b8dead5900719b3f71b7875d8d1f87ae4e166a11f", size = 215500, upload-time = "2026-08-20T11:18:06.259Z" },
]
